{
    "_readme": [
        "This file locks the dependencies of your project to a state",
        "and is automatically generated by Composer"
    ],
    "content-hash": "abc123",
    "packages": [],
    "packages-dev": [],
    "aliases": [],
    "minimum-stability": "stable",
    "stability-flags": [],
    "prefer-stable": false,
    "prefer-lowest": false,
    "platform": {
        "php": "^8.1",
        "ext-pdo_mysql": "*"
    },
    "platform-dev": [],
    "plugin-api-version": "2.6.0"
}